// !$*UTF8*$!
{
	archiveVersion = 1;
	classes = {
	};
	objectVersion = 56;
	objects = {

/* Begin PBXBuildFile section */
		260DC5D129185A3C003622F0 /* Alumno.swift in Sources */ = {isa = PBXBuildFile; fileRef = 260DC5D029185A3C003622F0 /* Alumno.swift */; };
		260DC5D329185CA1003622F0 /* AlumnoController.swift in Sources */ = {isa = PBXBuildFile; fileRef = 260DC5D229185CA1003622F0 /* AlumnoController.swift */; };
		269FCEBE29176E0F0088C162 /* CeldaClasesCV.swift in Sources */ = {isa = PBXBuildFile; fileRef = 269FCEBD29176E0F0088C162 /* CeldaClasesCV.swift */; };
		269FCEC0291770E80088C162 /* ClasesCV.swift in Sources */ = {isa = PBXBuildFile; fileRef = 269FCEBF291770E80088C162 /* ClasesCV.swift */; };
		269FCEC229178B540088C162 /* ClasesCVController.swift in Sources */ = {isa = PBXBuildFile; fileRef = 269FCEC129178B540088C162 /* ClasesCVController.swift */; };
		FB738ED529155E1B00CE20CC /* AppDelegate.swift in Sources */ = {isa = PBXBuildFile; fileRef = FB738ED429155E1B00CE20CC /* AppDelegate.swift */; };
		FB738ED729155E1B00CE20CC /* SceneDelegate.swift in Sources */ = {isa = PBXBuildFile; fileRef = FB738ED629155E1B00CE20CC /* SceneDelegate.swift */; };
		FB738ED929155E1B00CE20CC /* ViewController.swift in Sources */ = {isa = PBXBuildFile; fileRef = FB738ED829155E1B00CE20CC /* ViewController.swift */; };
		FB738EDC29155E1B00CE20CC /* Main.storyboard in Resources */ = {isa = PBXBuildFile; fileRef = FB738EDA29155E1B00CE20CC /* Main.storyboard */; };
		FB738EDE29155E1C00CE20CC /* Assets.xcassets in Resources */ = {isa = PBXBuildFile; fileRef = FB738EDD29155E1C00CE20CC /* Assets.xcassets */; };
		FB738EE129155E1C00CE20CC /* LaunchScreen.storyboard in Resources */ = {isa = PBXBuildFile; fileRef = FB738EDF29155E1C00CE20CC /* LaunchScreen.storyboard */; };
		FB738EEC29155E1C00CE20CC /* ProyectoParcial3Tests.swift in Sources */ = {isa = PBXBuildFile; fileRef = FB738EEB29155E1C00CE20CC /* ProyectoParcial3Tests.swift */; };
		FB738EF629155E1C00CE20CC /* ProyectoParcial3UITests.swift in Sources */ = {isa = PBXBuildFile; fileRef = FB738EF529155E1C00CE20CC /* ProyectoParcial3UITests.swift */; };
		FB738EF829155E1C00CE20CC /* ProyectoParcial3UITestsLaunchTests.swift in Sources */ = {isa = PBXBuildFile; fileRef = FB738EF729155E1C00CE20CC /* ProyectoParcial3UITestsLaunchTests.swift */; };
/* End PBXBuildFile section */

/* Begin PBXContainerItemProxy section */
		FB738EE829155E1C00CE20CC /* PBXContainerItemProxy */ = {
			isa = PBXContainerItemProxy;
			containerPortal = FB738EC929155E1B00CE20CC /* Project object */;
			proxyType = 1;
			remoteGlobalIDString = FB738ED029155E1B00CE20CC;
			remoteInfo = ProyectoParcial3;
		};
		FB738EF229155E1C00CE20CC /* PBXContainerItemProxy */ = {
			isa = PBXContainerItemProxy;
			containerPortal = FB738EC929155E1B00CE20CC /* Project object */;
			proxyType = 1;
			remoteGlobalIDString = FB738ED029155E1B00CE20CC;
			remoteInfo = ProyectoParcial3;
		};
/* End PBXContainerItemProxy section */

/* Begin PBXFileReference section */
		260DC5D029185A3C003622F0 /* Alumno.swift */ = {isa = PBXFileReference; lastKnownFileType = sourcecode.swift; path = Alumno.swift; sourceTree = "<group>"; };
		260DC5D229185CA1003622F0 /* AlumnoController.swift */ = {isa = PBXFileReference; lastKnownFileType = sourcecode.swift; path = AlumnoController.swift; sourceTree = "<group>"; };
		269FCEBD29176E0F0088C162 /* CeldaClasesCV.swift */ = {isa = PBXFileReference; lastKnownFileType = sourcecode.swift; path = CeldaClasesCV.swift; sourceTree = "<group>"; };
		269FCEBF291770E80088C162 /* ClasesCV.swift */ = {isa = PBXFileReference; lastKnownFileType = sourcecode.swift; path = ClasesCV.swift; sourceTree = "<group>"; };
		269FCEC129178B540088C162 /* ClasesCVController.swift */ = {isa = PBXFileReference; lastKnownFileType = sourcecode.swift; path = ClasesCVController.swift; sourceTree = "<group>"; };
		FB738ED129155E1B00CE20CC /* ProyectoParcial3.app */ = {isa = PBXFileReference; explicitFileType = wrapper.application; includeInIndex = 0; path = ProyectoParcial3.app; sourceTree = BUILT_PRODUCTS_DIR; };
		FB738ED429155E1B00CE20CC /* AppDelegate.swift */ = {isa = PBXFileReference; lastKnownFileType = sourcecode.swift; path = AppDelegate.swift; sourceTree = "<group>"; };
		FB738ED629155E1B00CE20CC /* SceneDelegate.swift */ = {isa = PBXFileReference; lastKnownFileType = sourcecode.swift; path = SceneDelegate.swift; sourceTree = "<group>"; };
		FB738ED829155E1B00CE20CC /* ViewController.swift */ = {isa = PBXFileReference; lastKnownFileType = sourcecode.swift; path = ViewController.swift; sourceTree = "<group>"; };
		FB738EDB29155E1B00CE20CC /* Base */ = {isa = PBXFileReference; lastKnownFileType = file.storyboard; name = Base; path = Base.lproj/Main.storyboard; sourceTree = "<group>"; };
		FB738EDD29155E1C00CE20CC /* Assets.xcassets */ = {isa = PBXFileReference; lastKnownFileType = folder.assetcatalog; path = Assets.xcassets; sourceTree = "<group>"; };
		FB738EE029155E1C00CE20CC /* Base */ = {isa = PBXFileReference; lastKnownFileType = file.storyboard; name = Base; path = Base.lproj/LaunchScreen.storyboard; sourceTree = "<group>"; };
		FB738EE229155E1C00CE20CC /* Info.plist */ = {isa = PBXFileReference; lastKnownFileType = text.plist.xml; path = Info.plist; sourceTree = "<group>"; };
		FB738EE729155E1C00CE20CC /* ProyectoParcial3Tests.xctest */ = {isa = PBXFileReference; explicitFileType = wrapper.cfbundle; includeInIndex = 0; path = ProyectoParcial3Tests.xctest; sourceTree = BUILT_PRODUCTS_DIR; };
		FB738EEB29155E1C00CE20CC /* ProyectoParcial3Tests.swift */ = {isa = PBXFileReference; lastKnownFileType = sourcecode.swift; path = ProyectoParcial3Tests.swift; sourceTree = "<group>"; };
		FB738EF129155E1C00CE20CC /* ProyectoParcial3UITests.xctest */ = {isa = PBXFileReference; explicitFileType = wrapper.cfbundle; includeInIndex = 0; path = ProyectoParcial3UITests.xctest; sourceTree = BUILT_PRODUCTS_DIR; };
		FB738EF529155E1C00CE20CC /* ProyectoParcial3UITests.swift */ = {isa = PBXFileReference; lastKnownFileType = sourcecode.swift; path = ProyectoParcial3UITests.swift; sourceTree = "<group>"; };
		FB738EF729155E1C00CE20CC /* ProyectoParcial3UITestsLaunchTests.swift */ = {isa = PBXFileReference; lastKnownFileType = sourcecode.swift; path = ProyectoParcial3UITestsLaunchTests.swift; sourceTree = "<group>"; };
/* End PBXFileReference section */

/* Begin PBXFrameworksBuildPhase section */
		FB738ECE29155E1B00CE20CC /* Frameworks */ = {
			isa = PBXFrameworksBuildPhase;
			buildActionMask = 2147483647;
			files = (
			);
			runOnlyForDeploymentPostprocessing = 0;
		};
		FB738EE429155E1C00CE20CC /* Frameworks */ = {
			isa = PBXFrameworksBuildPhase;
			buildActionMask = 2147483647;
			files = (
			);
			runOnlyForDeploymentPostprocessing = 0;
		};
		FB738EEE29155E1C00CE20CC /* Frameworks */ = {
			isa = PBXFrameworksBuildPhase;
			buildActionMask = 2147483647;
			files = (
			);
			runOnlyForDeploymentPostprocessing = 0;
		};
/* End PBXFrameworksBuildPhase section */

/* Begin PBXGroup section */
		FB738EC829155E1B00CE20CC = {
			isa = PBXGroup;
			children = (
				FB738ED329155E1B00CE20CC /* ProyectoParcial3 */,
				FB738EEA29155E1C00CE20CC /* ProyectoParcial3Tests */,
				FB738EF429155E1C00CE20CC /* ProyectoParcial3UITests */,
				FB738ED229155E1B00CE20CC /* Products */,
			);
			sourceTree = "<group>";
		};
		FB738ED229155E1B00CE20CC /* Products */ = {
			isa = PBXGroup;
			children = (
				FB738ED129155E1B00CE20CC /* ProyectoParcial3.app */,
				FB738EE729155E1C00CE20CC /* ProyectoParcial3Tests.xctest */,
				FB738EF129155E1C00CE20CC /* ProyectoParcial3UITests.xctest */,
			);
			name = Products;
			sourceTree = "<group>";
		};
		FB738ED329155E1B00CE20CC /* ProyectoParcial3 */ = {
			isa = PBXGroup;
			children = (
				FB738ED429155E1B00CE20CC /* AppDelegate.swift */,
				FB738ED629155E1B00CE20CC /* SceneDelegate.swift */,
				FB738ED829155E1B00CE20CC /* ViewController.swift */,
				FB738EDA29155E1B00CE20CC /* Main.storyboard */,
				FB738EDD29155E1C00CE20CC /* Assets.xcassets */,
				FB738EDF29155E1C00CE20CC /* LaunchScreen.storyboard */,
				FB738EE229155E1C00CE20CC /* Info.plist */,
				269FCEBF291770E80088C162 /* ClasesCV.swift */,
				269FCEBD29176E0F0088C162 /* CeldaClasesCV.swift */,
				269FCEC129178B540088C162 /* ClasesCVController.swift */,
				260DC5D029185A3C003622F0 /* Alumno.swift */,
				260DC5D229185CA1003622F0 /* AlumnoController.swift */,
			);
			path = ProyectoParcial3;
			sourceTree = "<group>";
		};
		FB738EEA29155E1C00CE20CC /* ProyectoParcial3Tests */ = {
			isa = PBXGroup;
			children = (
				FB738EEB29155E1C00CE20CC /* ProyectoParcial3Tests.swift */,
			);
			path = ProyectoParcial3Tests;
			sourceTree = "<group>";
		};
		FB738EF429155E1C00CE20CC /* ProyectoParcial3UITests */ = {
			isa = PBXGroup;
			children = (
				FB738EF529155E1C00CE20CC /* ProyectoParcial3UITests.swift */,
				FB738EF729155E1C00CE20CC /* ProyectoParcial3UITestsLaunchTests.swift */,
			);
			path = ProyectoParcial3UITests;
			sourceTree = "<group>";
		};
/* End PBXGroup section */

/* Begin PBXNativeTarget section */
		FB738ED029155E1B00CE20CC /* ProyectoParcial3 */ = {
			isa = PBXNativeTarget;
			buildConfigurationList = FB738EFB29155E1C00CE20CC /* Build configuration list for PBXNativeTarget "ProyectoParcial3" */;
			buildPhases = (
				FB738ECD29155E1B00CE20CC /* Sources */,
				FB738ECE29155E1B00CE20CC /* Frameworks */,
				FB738ECF29155E1B00CE20CC /* Resources */,
			);
			buildRules = (
			);
			dependencies = (
			);
			name = ProyectoParcial3;
			productName = ProyectoParcial3;
			productReference = FB738ED129155E1B00CE20CC /* ProyectoParcial3.app */;
			productType = "com.apple.product-type.application";
		};
		FB738EE629155E1C00CE20CC /* ProyectoParcial3Tests */ = {
			isa = PBXNativeTarget;
			buildConfigurationList = FB738EFE29155E1C00CE20CC /* Build configuration list for PBXNativeTarget "ProyectoParcial3Tests" */;
			buildPhases = (
				FB738EE329155E1C00CE20CC /* Sources */,
				FB738EE429155E1C00CE20CC /* Frameworks */,
				FB738EE529155E1C00CE20CC /* Resources */,
			);
			buildRules = (
			);
			dependencies = (
				FB738EE929155E1C00CE20CC /* PBXTargetDependency */,
			);
			name = ProyectoParcial3Tests;
			productName = ProyectoParcial3Tests;
			productReference = FB738EE729155E1C00CE20CC /* ProyectoParcial3Tests.xctest */;
			productType = "com.apple.product-type.bundle.unit-test";
		};
		FB738EF029155E1C00CE20CC /* ProyectoParcial3UITests */ = {
			isa = PBXNativeTarget;
			buildConfigurationList = FB738F0129155E1C00CE20CC /* Build configuration list for PBXNativeTarget "ProyectoParcial3UITests" */;
			buildPhases = (
				FB738EED29155E1C00CE20CC /* Sources */,
				FB738EEE29155E1C00CE20CC /* Frameworks */,
				FB738EEF29155E1C00CE20CC /* Resources */,
			);
			buildRules = (
			);
			dependencies = (
				FB738EF329155E1C00CE20CC /* PBXTargetDependency */,
			);
			name = ProyectoParcial3UITests;
			productName = ProyectoParcial3UITests;
			productReference = FB738EF129155E1C00CE20CC /* ProyectoParcial3UITests.xctest */;
			productType = "com.apple.product-type.bundle.ui-testing";
		};
/* End PBXNativeTarget section */

/* Begin PBXProject section */
		FB738EC929155E1B00CE20CC /* Project object */ = {
			isa = PBXProject;
			attributes = {
				BuildIndependentTargetsInParallel = 1;
				LastSwiftUpdateCheck = 1400;
				LastUpgradeCheck = 1400;
				TargetAttributes = {
					FB738ED029155E1B00CE20CC = {
						CreatedOnToolsVersion = 14.0.1;
					};
					FB738EE629155E1C00CE20CC = {
						CreatedOnToolsVersion = 14.0.1;
						TestTargetID = FB738ED029155E1B00CE20CC;
					};
					FB738EF029155E1C00CE20CC = {
						CreatedOnToolsVersion = 14.0.1;
						TestTargetID = FB738ED029155E1B00CE20CC;
					};
				};
			};
			buildConfigurationList = FB738ECC29155E1B00CE20CC /* Build configuration list for PBXProject "ProyectoParcial3" */;
			compatibilityVersion = "Xcode 14.0";
			developmentRegion = en;
			hasScannedForEncodings = 0;
			knownRegions = (
				en,
				Base,
			);
			mainGroup = FB738EC829155E1B00CE20CC;
			productRefGroup = FB738ED229155E1B00CE20CC /* Products */;
			projectDirPath = "";
			projectRoot = "";
			targets = (
				FB738ED029155E1B00CE20CC /* ProyectoParcial3 */,
				FB738EE629155E1C00CE20CC /* ProyectoParcial3Tests */,
				FB738EF029155E1C00CE20CC /* ProyectoParcial3UITests */,
			);
		};
/* End PBXProject section */

/* Begin PBXResourcesBuildPhase section */
		FB738ECF29155E1B00CE20CC /* Resources */ = {
			isa = PBXResourcesBuildPhase;
			buildActionMask = 2147483647;
			files = (
				FB738EE129155E1C00CE20CC /* LaunchScreen.storyboard in Resources */,
				FB738EDE29155E1C00CE20CC /* Assets.xcassets in Resources */,
				FB738EDC29155E1B00CE20CC /* Main.storyboard in Resources */,
			);
			runOnlyForDeploymentPostprocessing = 0;
		};
		FB738EE529155E1C00CE20CC /* Resources */ = {
			isa = PBXResourcesBuildPhase;
			buildActionMask = 2147483647;
			files = (
			);
			runOnlyForDeploymentPostprocessing = 0;
		};
		FB738EEF29155E1C00CE20CC /* Resources */ = {
			isa = PBXResourcesBuildPhase;
			buildActionMask = 2147483647;
			files = (
			);
			runOnlyForDeploymentPostprocessing = 0;
		};
/* End PBXResourcesBuildPhase section */

/* Begin PBXSourcesBuildPhase section */
		FB738ECD29155E1B00CE20CC /* Sources */ = {
			isa = PBXSourcesBuildPhase;
			buildActionMask = 2147483647;
			files = (
				260DC5D129185A3C003622F0 /* Alumno.swift in Sources */,
				260DC5D329185CA1003622F0 /* AlumnoController.swift in Sources */,
				FB738ED929155E1B00CE20CC /* ViewController.swift in Sources */,
				FB738ED529155E1B00CE20CC /* AppDelegate.swift in Sources */,
				FB738ED729155E1B00CE20CC /* SceneDelegate.swift in Sources */,
				269FCEC229178B540088C162 /* ClasesCVController.swift in Sources */,
				269FCEC0291770E80088C162 /* ClasesCV.swift in Sources */,
				269FCEBE29176E0F0088C162 /* CeldaClasesCV.swift in Sources */,
			);
			runOnlyForDeploymentPostprocessing = 0;
		};
		FB738EE329155E1C00CE20CC /* Sources */ = {
			isa = PBXSourcesBuildPhase;
			buildActionMask = 2147483647;
			files = (
				FB738EEC29155E1C00CE20CC /* ProyectoParcial3Tests.swift in Sources */,
			);
			runOnlyForDeploymentPostprocessing = 0;
		};
		FB738EED29155E1C00CE20CC /* Sources */ = {
			isa = PBXSourcesBuildPhase;
			buildActionMask = 2147483647;
			files = (
				FB738EF829155E1C00CE20CC /* ProyectoParcial3UITestsLaunchTests.swift in Sources */,
				FB738EF629155E1C00CE20CC /* ProyectoParcial3UITests.swift in Sources */,
			);
			runOnlyForDeploymentPostprocessing = 0;
		};
/* End PBXSourcesBuildPhase section */

/* Begin PBXTargetDependency section */
		FB738EE929155E1C00CE20CC /* PBXTargetDependency */ = {
			isa = PBXTargetDependency;
			target = FB738ED029155E1B00CE20CC /* ProyectoParcial3 */;
			targetProxy = FB738EE829155E1C00CE20CC /* PBXContainerItemProxy */;
		};
		FB738EF329155E1C00CE20CC /* PBXTargetDependency */ = {
			isa = PBXTargetDependency;
			target = FB738ED029155E1B00CE20CC /* ProyectoParcial3 */;
			targetProxy = FB738EF229155E1C00CE20CC /* PBXContainerItemProxy */;
		};
/* End PBXTargetDependency section */

/* Begin PBXVariantGroup section */
		FB738EDA29155E1B00CE20CC /* Main.storyboard */ = {
			isa = PBXVariantGroup;
			children = (
				FB738EDB29155E1B00CE20CC /* Base */,
			);
			name = Main.storyboard;
			sourceTree = "<group>";
		};
		FB738EDF29155E1C00CE20CC /* LaunchScreen.storyboard */ = {
			isa = PBXVariantGroup;
			children = (
				FB738EE029155E1C00CE20CC /* Base */,
			);
			name = LaunchScreen.storyboard;
			sourceTree = "<group>";
		};
/* End PBXVariantGroup section */

/* Begin XCBuildConfiguration section */
		FB738EF929155E1C00CE20CC /* Debug */ = {
			isa = XCBuildConfiguration;
			buildSettings = {
				ALWAYS_SEARCH_USER_PATHS = NO;
				CLANG_ANALYZER_NONNULL = YES;
				CLANG_ANALYZER_NUMBER_OBJECT_CONVERSION = YES_AGGRESSIVE;
				CLANG_CXX_LANGUAGE_STANDARD = "gnu++20";
				CLANG_ENABLE_MODULES = YES;
				CLANG_ENABLE_OBJC_ARC = YES;
				CLANG_ENABLE_OBJC_WEAK = YES;
				CLANG_WARN_BLOCK_CAPTURE_AUTORELEASING = YES;
				CLANG_WARN_BOOL_CONVERSION = YES;
				CLANG_WARN_COMMA = YES;
				CLANG_WARN_CONSTANT_CONVERSION = YES;
				CLANG_WARN_DEPRECATED_OBJC_IMPLEMENTATIONS = YES;
				CLANG_WARN_DIRECT_OBJC_ISA_USAGE = YES_ERROR;
				CLANG_WARN_DOCUMENTATION_COMMENTS = YES;
				CLANG_WARN_EMPTY_BODY = YES;
				CLANG_WARN_ENUM_CONVERSION = YES;
				CLANG_WARN_INFINITE_RECURSION = YES;
				CLANG_WARN_INT_CONVERSION = YES;
				CLANG_WARN_NON_LITERAL_NULL_CONVERSION = YES;
				CLANG_WARN_OBJC_IMPLICIT_RETAIN_SELF = YES;
				CLANG_WARN_OBJC_LITERAL_CONVERSION = YES;
				CLANG_WARN_OBJC_ROOT_CLASS = YES_ERROR;
				CLANG_WARN_QUOTED_INCLUDE_IN_FRAMEWORK_HEADER = YES;
				CLANG_WARN_RANGE_LOOP_ANALYSIS = YES;
				CLANG_WARN_STRICT_PROTOTYPES = YES;
				CLANG_WARN_SUSPICIOUS_MOVE = YES;
				CLANG_WARN_UNGUARDED_AVAILABILITY = YES_AGGRESSIVE;
				CLANG_WARN_UNREACHABLE_CODE = YES;
				CLANG_WARN__DUPLICATE_METHOD_MATCH = YES;
				COPY_PHASE_STRIP = NO;
				DEBUG_INFORMATION_FORMAT = dwarf;
				ENABLE_STRICT_OBJC_MSGSEND = YES;
				ENABLE_TESTABILITY = YES;
				GCC_C_LANGUAGE_STANDARD = gnu11;
				GCC_DYNAMIC_NO_PIC = NO;
				GCC_NO_COMMON_BLOCKS = YES;
				GCC_OPTIMIZATION_LEVEL = 0;
				GCC_PREPROCESSOR_DEFINITIONS = (
					"DEBUG=1",
					"$(inherited)",
				);
				GCC_WARN_64_TO_32_BIT_CONVERSION = YES;
				GCC_WARN_ABOUT_RETURN_TYPE = YES_ERROR;
				GCC_WARN_UNDECLARED_SELECTOR = YES;
				GCC_WARN_UNINITIALIZED_AUTOS = YES_AGGRESSIVE;
				GCC_WARN_UNUSED_FUNCTION = YES;
				GCC_WARN_UNUSED_VARIABLE = YES;
				IPHONEOS_DEPLOYMENT_TARGET = 16.0;
				MTL_ENABLE_DEBUG_INFO = INCLUDE_SOURCE;
				MTL_FAST_MATH = YES;
				ONLY_ACTIVE_ARCH = YES;
				SDKROOT = iphoneos;
				SWIFT_ACTIVE_COMPILATION_CONDITIONS = DEBUG;
				SWIFT_OPTIMIZATION_LEVEL = "-Onone";
			};
			name = Debug;
		};
		FB738EFA29155E1C00CE20CC /* Release */ = {
			isa = XCBuildConfiguration;
			buildSettings = {
				ALWAYS_SEARCH_USER_PATHS = NO;
				CLANG_ANALYZER_NONNULL = YES;
				CLANG_ANALYZER_NUMBER_OBJECT_CONVERSION = YES_AGGRESSIVE;
				CLANG_CXX_LANGUAGE_STANDARD = "gnu++20";
				CLANG_ENABLE_MODULES = YES;
				CLANG_ENABLE_OBJC_ARC = YES;
				CLANG_ENABLE_OBJC_WEAK = YES;
				CLANG_WARN_BLOCK_CAPTURE_AUTORELEASING = YES;
				CLANG_WARN_BOOL_CONVERSION = YES;
				CLANG_WARN_COMMA = YES;
				CLANG_WARN_CONSTANT_CONVERSION = YES;
				CLANG_WARN_DEPRECATED_OBJC_IMPLEMENTATIONS = YES;
				CLANG_WARN_DIRECT_OBJC_ISA_USAGE = YES_ERROR;
				CLANG_WARN_DOCUMENTATION_COMMENTS = YES;
				CLANG_WARN_EMPTY_BODY = YES;
				CLANG_WARN_ENUM_CONVERSION = YES;
				CLANG_WARN_INFINITE_RECURSION = YES;
				CLANG_WARN_INT_CONVERSION = YES;
				CLANG_WARN_NON_LITERAL_NULL_CONVERSION = YES;
				CLANG_WARN_OBJC_IMPLICIT_RETAIN_SELF = YES;
				CLANG_WARN_OBJC_LITERAL_CONVERSION = YES;
				CLANG_WARN_OBJC_ROOT_CLASS = YES_ERROR;
				CLANG_WARN_QUOTED_INCLUDE_IN_FRAMEWORK_HEADER = YES;
				CLANG_WARN_RANGE_LOOP_ANALYSIS = YES;
				CLANG_WARN_STRICT_PROTOTYPES = YES;
				CLANG_WARN_SUSPICIOUS_MOVE = YES;
				CLANG_WARN_UNGUARDED_AVAILABILITY = YES_AGGRESSIVE;
				CLANG_WARN_UNREACHABLE_CODE = YES;
				CLANG_WARN__DUPLICATE_METHOD_MATCH = YES;
				COPY_PHASE_STRIP = NO;
				DEBUG_INFORMATION_FORMAT = "dwarf-with-dsym";
				ENABLE_NS_ASSERTIONS = NO;
				ENABLE_STRICT_OBJC_MSGSEND = YES;
				GCC_C_LANGUAGE_STANDARD = gnu11;
				GCC_NO_COMMON_BLOCKS = YES;
				GCC_WARN_64_TO_32_BIT_CONVERSION = YES;
				GCC_WARN_ABOUT_RETURN_TYPE = YES_ERROR;
				GCC_WARN_UNDECLARED_SELECTOR = YES;
				GCC_WARN_UNINITIALIZED_AUTOS = YES_AGGRESSIVE;
				GCC_WARN_UNUSED_FUNCTION = YES;
				GCC_WARN_UNUSED_VARIABLE = YES;
				IPHONEOS_DEPLOYMENT_TARGET = 16.0;
				MTL_ENABLE_DEBUG_INFO = NO;
				MTL_FAST_MATH = YES;
				SDKROOT = iphoneos;
				SWIFT_COMPILATION_MODE = wholemodule;
				SWIFT_OPTIMIZATION_LEVEL = "-O";
				VALIDATE_PRODUCT = YES;
			};
			name = Release;
		};
		FB738EFC29155E1C00CE20CC /* Debug */ = {
			isa = XCBuildConfiguration;
			buildSettings = {
				ASSETCATALOG_COMPILER_APPICON_NAME = AppIcon;
				ASSETCATALOG_COMPILER_GLOBAL_ACCENT_COLOR_NAME = AccentColor;
				CODE_SIGN_STYLE = Automatic;
				CURRENT_PROJECT_VERSION = 1;
				GENERATE_INFOPLIST_FILE = YES;
				INFOPLIST_FILE = ProyectoParcial3/Info.plist;
				INFOPLIST_KEY_CFBundleDisplayName = "academy app";
				INFOPLIST_KEY_UIApplicationSupportsIndirectInputEvents = YES;
				INFOPLIST_KEY_UILaunchStoryboardName = LaunchScreen;
				INFOPLIST_KEY_UIMainStoryboardFile = Main;
				INFOPLIST_KEY_UISupportedInterfaceOrientations_iPad = "UIInterfaceOrientationPortrait UIInterfaceOrientationPortraitUpsideDown UIInterfaceOrientationLandscapeLeft UIInterfaceOrientationLandscapeRight";
				INFOPLIST_KEY_UISupportedInterfaceOrientations_iPhone = "UIInterfaceOrientationPortrait UIInterfaceOrientationLandscapeLeft UIInterfaceOrientationLandscapeRight";
				LD_RUNPATH_SEARCH_PATHS = (
					"$(inherited)",
					"@executable_path/Frameworks",
				);
				MARKETING_VERSION = 1.0;
				PRODUCT_BUNDLE_IDENTIFIER = Ulsa.ProyectoParcial3;
				PRODUCT_NAME = "$(TARGET_NAME)";
				SWIFT_EMIT_LOC_STRINGS = YES;
				SWIFT_VERSION = 5.0;
				TARGETED_DEVICE_FAMILY = "1,2";
			};
			name = Debug;
		};
		FB738EFD29155E1C00CE20CC /* Release */ = {
			isa = XCBuildConfiguration;
			buildSettings = {
				ASSETCATALOG_COMPILER_APPICON_NAME = AppIcon;
				ASSETCATALOG_COMPILER_GLOBAL_ACCENT_COLOR_NAME = AccentColor;
				CODE_SIGN_STYLE = Automatic;
				CURRENT_PROJECT_VERSION = 1;
				GENERATE_INFOPLIST_FILE = YES;
				INFOPLIST_FILE = ProyectoParcial3/Info.plist;
				INFOPLIST_KEY_CFBundleDisplayName = "academy app";
				INFOPLIST_KEY_UIApplicationSupportsIndirectInputEvents = YES;
				INFOPLIST_KEY_UILaunchStoryboardName = LaunchScreen;
				INFOPLIST_KEY_UIMainStoryboardFile = Main;
				INFOPLIST_KEY_UISupportedInterfaceOrientations_iPad = "UIInterfaceOrientationPortrait UIInterfaceOrientationPortraitUpsideDown UIInterfaceOrientationLandscapeLeft UIInterfaceOrientationLandscapeRight";
				INFOPLIST_KEY_UISupportedInterfaceOrientations_iPhone = "UIInterfaceOrientationPortrait UIInterfaceOrientationLandscapeLeft UIInterfaceOrientationLandscapeRight";
				LD_RUNPATH_SEARCH_PATHS = (
					"$(inherited)",
					"@executable_path/Frameworks",
				);
				MARKETING_VERSION = 1.0;
				PRODUCT_BUNDLE_IDENTIFIER = Ulsa.ProyectoParcial3;
				PRODUCT_NAME = "$(TARGET_NAME)";
				SWIFT_EMIT_LOC_STRINGS = YES;
				SWIFT_VERSION = 5.0;
				TARGETED_DEVICE_FAMILY = "1,2";
			};
			name = Release;
		};
		FB738EFF29155E1C00CE20CC /* Debug */ = {
			isa = XCBuildConfiguration;
			buildSettings = {
				ALWAYS_EMBED_SWIFT_STANDARD_LIBRARIES = YES;
				BUNDLE_LOADER = "$(TEST_HOST)";
				CODE_SIGN_STYLE = Automatic;
				CURRENT_PROJECT_VERSION = 1;
				GENERATE_INFOPLIST_FILE = YES;
				IPHONEOS_DEPLOYMENT_TARGET = 16.0;
				MARKETING_VERSION = 1.0;
				PRODUCT_BUNDLE_IDENTIFIER = Ulsa.ProyectoParcial3Tests;
				PRODUCT_NAME = "$(TARGET_NAME)";
				SWIFT_EMIT_LOC_STRINGS = NO;
				SWIFT_VERSION = 5.0;
				TARGETED_DEVICE_FAMILY = "1,2";
				TEST_HOST = "$(BUILT_PRODUCTS_DIR)/ProyectoParcial3.app/$(BUNDLE_EXECUTABLE_FOLDER_PATH)/ProyectoParcial3";
			};
			name = Debug;
		};
		FB738F0029155E1C00CE20CC /* Release */ = {
			isa = XCBuildConfiguration;
			buildSettings = {
				ALWAYS_EMBED_SWIFT_STANDARD_LIBRARIES = YES;
				BUNDLE_LOADER = "$(TEST_HOST)";
				CODE_SIGN_STYLE = Automatic;
				CURRENT_PROJECT_VERSION = 1;
				GENERATE_INFOPLIST_FILE = YES;
				IPHONEOS_DEPLOYMENT_TARGET = 16.0;
				MARKETING_VERSION = 1.0;
				PRODUCT_BUNDLE_IDENTIFIER = Ulsa.ProyectoParcial3Tests;
				PRODUCT_NAME = "$(TARGET_NAME)";
				SWIFT_EMIT_LOC_STRINGS = NO;
				SWIFT_VERSION = 5.0;
				TARGETED_DEVICE_FAMILY = "1,2";
				TEST_HOST = "$(BUILT_PRODUCTS_DIR)/ProyectoParcial3.app/$(BUNDLE_EXECUTABLE_FOLDER_PATH)/ProyectoParcial3";
			};
			name = Release;
		};
		FB738F0229155E1C00CE20CC /* Debug */ = {
			isa = XCBuildConfiguration;
			buildSettings = {
				ALWAYS_EMBED_SWIFT_STANDARD_LIBRARIES = YES;
				CODE_SIGN_STYLE = Automatic;
				CURRENT_PROJECT_VERSION = 1;
				GENERATE_INFOPLIST_FILE = YES;
				MARKETING_VERSION = 1.0;
				PRODUCT_BUNDLE_IDENTIFIER = Ulsa.ProyectoParcial3UITests;
				PRODUCT_NAME = "$(TARGET_NAME)";
				SWIFT_EMIT_LOC_STRINGS = NO;
				SWIFT_VERSION = 5.0;
				TARGETED_DEVICE_FAMILY = "1,2";
				TEST_TARGET_NAME = ProyectoParcial3;
			};
			name = Debug;
		};
		FB738F0329155E1C00CE20CC /* Release */ = {
			isa = XCBuildConfiguration;
			buildSettings = {
				ALWAYS_EMBED_SWIFT_STANDARD_LIBRARIES = YES;
				CODE_SIGN_STYLE = Automatic;
				CURRENT_PROJECT_VERSION = 1;
				GENERATE_INFOPLIST_FILE = YES;
				MARKETING_VERSION = 1.0;
				PRODUCT_BUNDLE_IDENTIFIER = Ulsa.ProyectoParcial3UITests;
				PRODUCT_NAME = "$(TARGET_NAME)";
				SWIFT_EMIT_LOC_STRINGS = NO;
				SWIFT_VERSION = 5.0;
				TARGETED_DEVICE_FAMILY = "1,2";
				TEST_TARGET_NAME = ProyectoParcial3;
			};
			name = Release;
		};
/* End XCBuildConfiguration section */

/* Begin XCConfigurationList section */
		FB738ECC29155E1B00CE20CC /* Build configuration list for PBXProject "ProyectoParcial3" */ = {
			isa = XCConfigurationList;
			buildConfigurations = (
				FB738EF929155E1C00CE20CC /* Debug */,
				FB738EFA29155E1C00CE20CC /* Release */,
			);
			defaultConfigurationIsVisible = 0;
			defaultConfigurationName = Release;
		};
		FB738EFB29155E1C00CE20CC /* Build configuration list for PBXNativeTarget "ProyectoParcial3" */ = {
			isa = XCConfigurationList;
			buildConfigurations = (
				FB738EFC29155E1C00CE20CC /* Debug */,
				FB738EFD29155E1C00CE20CC /* Release */,
			);
			defaultConfigurationIsVisible = 0;
			defaultConfigurationName = Release;
		};
		FB738EFE29155E1C00CE20CC /* Build configuration list for PBXNativeTarget "ProyectoParcial3Tests" */ = {
			isa = XCConfigurationList;
			buildConfigurations = (
				FB738EFF29155E1C00CE20CC /* Debug */,
				FB738F0029155E1C00CE20CC /* Release */,
			);
			defaultConfigurationIsVisible = 0;
			defaultConfigurationName = Release;
		};
		FB738F0129155E1C00CE20CC /* Build configuration list for PBXNativeTarget "ProyectoParcial3UITests" */ = {
			isa = XCConfigurationList;
			buildConfigurations = (
				FB738F0229155E1C00CE20CC /* Debug */,
				FB738F0329155E1C00CE20CC /* Release */,
			);
			defaultConfigurationIsVisible = 0;
			defaultConfigurationName = Release;
		};
/* End XCConfigurationList section */
	};
	rootObject = FB738EC929155E1B00CE20CC /* Project object */;
}
